# This file was autogenerated by uv via the following command:
#    uv pip compile pyproject.toml -o uv.lock
contourpy==1.3.3
    # via matplotlib
cycler==0.12.1
    # via matplotlib
fonttools==4.61.1
    # via matplotlib
joblib==1.5.3
    # via scikit-learn
kiwisolver==1.4.9
    # via matplotlib
matplotlib==3.10.8
    # via
    #   mlops-contact-tracing (pyproject.toml)
    #   seaborn
numpy==2.4.1
    # via
    #   mlops-contact-tracing (pyproject.toml)
    #   contourpy
    #   matplotlib
    #   pandas
    #   scikit-learn
    #   scipy
    #   seaborn
packaging==26.0
    # via matplotlib
pandas==3.0.0
    # via
    #   mlops-contact-tracing (pyproject.toml)
    #   seaborn
pillow==12.1.0
    # via matplotlib
pyparsing==3.3.2
    # via matplotlib
python-dateutil==2.9.0.post0
    # via
    #   matplotlib
    #   pandas
scikit-learn==1.8.0
    # via mlops-contact-tracing (pyproject.toml)
scipy==1.17.0
    # via scikit-learn
seaborn==0.13.2
    # via mlops-contact-tracing (pyproject.toml)
six==1.17.0
    # via python-dateutil
threadpoolctl==3.6.0
    # via scikit-learn
tzdata==2025.3
    # via pandas
